// !$*UTF8*$!
{
	archiveVersion = 1;
	classes = {
	};
	objectVersion = 50;
	objects = {

/* Begin PBXBuildFile section */
		5AC3187221BFACDB00DFEBF5 /* AppDelegate.swift in Sources */ = {isa = PBXBuildFile; fileRef = 5AC3187121BFACDB00DFEBF5 /* AppDelegate.swift */; };
		5AC3187421BFACDB00DFEBF5 /* ViewController.swift in Sources */ = {isa = PBXBuildFile; fileRef = 5AC3187321BFACDB00DFEBF5 /* ViewController.swift */; };
		5AC3187721BFACDB00DFEBF5 /* Main.storyboard in Resources */ = {isa = PBXBuildFile; fileRef = 5AC3187521BFACDB00DFEBF5 /* Main.storyboard */; };
		5AC3187921BFACE100DFEBF5 /* Assets.xcassets in Resources */ = {isa = PBXBuildFile; fileRef = 5AC3187821BFACE100DFEBF5 /* Assets.xcassets */; };
		5AC3187C21BFACE100DFEBF5 /* LaunchScreen.storyboard in Resources */ = {isa = PBXBuildFile; fileRef = 5AC3187A21BFACE100DFEBF5 /* LaunchScreen.storyboard */; };
		5AC3188721BFACE100DFEBF5 /* Lector_NoticiasTests.swift in Sources */ = {isa = PBXBuildFile; fileRef = 5AC3188621BFACE100DFEBF5 /* Lector_NoticiasTests.swift */; };
		5AC3189221BFACE100DFEBF5 /* Lector_NoticiasUITests.swift in Sources */ = {isa = PBXBuildFile; fileRef = 5AC3189121BFACE100DFEBF5 /* Lector_NoticiasUITests.swift */; };
		5AC318A021BFB62A00DFEBF5 /* Tools.swift in Sources */ = {isa = PBXBuildFile; fileRef = 5AC3189F21BFB62A00DFEBF5 /* Tools.swift */; };
		5AC318A221BFE89B00DFEBF5 /* Modelo.swift in Sources */ = {isa = PBXBuildFile; fileRef = 5AC318A121BFE89B00DFEBF5 /* Modelo.swift */; };
/* End PBXBuildFile section */

/* Begin PBXContainerItemProxy section */
		5AC3188321BFACE100DFEBF5 /* PBXContainerItemProxy */ = {
			isa = PBXContainerItemProxy;
			containerPortal = 5AC3186621BFACDB00DFEBF5 /* Project object */;
			proxyType = 1;
			remoteGlobalIDString = 5AC3186D21BFACDB00DFEBF5;
			remoteInfo = "Lector Noticias";
		};
		5AC3188E21BFACE100DFEBF5 /* PBXContainerItemProxy */ = {
			isa = PBXContainerItemProxy;
			containerPortal = 5AC3186621BFACDB00DFEBF5 /* Project object */;
			proxyType = 1;
			remoteGlobalIDString = 5AC3186D21BFACDB00DFEBF5;
			remoteInfo = "Lector Noticias";
		};
/* End PBXContainerItemProxy section */

/* Begin PBXFileReference section */
		5AC3186E21BFACDB00DFEBF5 /* Lector Noticias.app */ = {isa = PBXFileReference; explicitFileType = wrapper.application; includeInIndex = 0; path = "Lector Noticias.app"; sourceTree = BUILT_PRODUCTS_DIR; };
		5AC3187121BFACDB00DFEBF5 /* AppDelegate.swift */ = {isa = PBXFileReference; lastKnownFileType = sourcecode.swift; path = AppDelegate.swift; sourceTree = "<group>"; };
		5AC3187321BFACDB00DFEBF5 /* ViewController.swift */ = {isa = PBXFileReference; lastKnownFileType = sourcecode.swift; path = ViewController.swift; sourceTree = "<group>"; };
		5AC3187621BFACDB00DFEBF5 /* Base */ = {isa = PBXFileReference; lastKnownFileType = file.storyboard; name = Base; path = Base.lproj/Main.storyboard; sourceTree = "<group>"; };
		5AC3187821BFACE100DFEBF5 /* Assets.xcassets */ = {isa = PBXFileReference; lastKnownFileType = folder.assetcatalog; path = Assets.xcassets; sourceTree = "<group>"; };
		5AC3187B21BFACE100DFEBF5 /* Base */ = {isa = PBXFileReference; lastKnownFileType = file.storyboard; name = Base; path = Base.lproj/LaunchScreen.storyboard; sourceTree = "<group>"; };
		5AC3187D21BFACE100DFEBF5 /* Info.plist */ = {isa = PBXFileReference; lastKnownFileType = text.plist.xml; path = Info.plist; sourceTree = "<group>"; };
		5AC3188221BFACE100DFEBF5 /* Lector NoticiasTests.xctest */ = {isa = PBXFileReference; explicitFileType = wrapper.cfbundle; includeInIndex = 0; path = "Lector NoticiasTests.xctest"; sourceTree = BUILT_PRODUCTS_DIR; };
		5AC3188621BFACE100DFEBF5 /* Lector_NoticiasTests.swift */ = {isa = PBXFileReference; lastKnownFileType = sourcecode.swift; path = Lector_NoticiasTests.swift; sourceTree = "<group>"; };
		5AC3188821BFACE100DFEBF5 /* Info.plist */ = {isa = PBXFileReference; lastKnownFileType = text.plist.xml; path = Info.plist; sourceTree = "<group>"; };
		5AC3188D21BFACE100DFEBF5 /* Lector NoticiasUITests.xctest */ = {isa = PBXFileReference; explicitFileType = wrapper.cfbundle; includeInIndex = 0; path = "Lector NoticiasUITests.xctest"; sourceTree = BUILT_PRODUCTS_DIR; };
		5AC3189121BFACE100DFEBF5 /* Lector_NoticiasUITests.swift */ = {isa = PBXFileReference; lastKnownFileType = sourcecode.swift; path = Lector_NoticiasUITests.swift; sourceTree = "<group>"; };
		5AC3189321BFACE100DFEBF5 /* Info.plist */ = {isa = PBXFileReference; lastKnownFileType = text.plist.xml; path = Info.plist; sourceTree = "<group>"; };
		5AC3189F21BFB62A00DFEBF5 /* Tools.swift */ = {isa = PBXFileReference; lastKnownFileType = sourcecode.swift; path = Tools.swift; sourceTree = "<group>"; };
		5AC318A121BFE89B00DFEBF5 /* Modelo.swift */ = {isa = PBXFileReference; lastKnownFileType = sourcecode.swift; path = Modelo.swift; sourceTree = "<group>"; };
/* End PBXFileReference section */

/* Begin PBXFrameworksBuildPhase section */
		5AC3186B21BFACDB00DFEBF5 /* Frameworks */ = {
			isa = PBXFrameworksBuildPhase;
			buildActionMask = 2147483647;
			files = (
			);
			runOnlyForDeploymentPostprocessing = 0;
		};
		5AC3187F21BFACE100DFEBF5 /* Frameworks */ = {
			isa = PBXFrameworksBuildPhase;
			buildActionMask = 2147483647;
			files = (
			);
			runOnlyForDeploymentPostprocessing = 0;
		};
		5AC3188A21BFACE100DFEBF5 /* Frameworks */ = {
			isa = PBXFrameworksBuildPhase;
			buildActionMask = 2147483647;
			files = (
			);
			runOnlyForDeploymentPostprocessing = 0;
		};
/* End PBXFrameworksBuildPhase section */

/* Begin PBXGroup section */
		5AC3186521BFACDB00DFEBF5 = {
			isa = PBXGroup;
			children = (
				5AC3187021BFACDB00DFEBF5 /* Lector Noticias */,
				5AC3188521BFACE100DFEBF5 /* Lector NoticiasTests */,
				5AC3189021BFACE100DFEBF5 /* Lector NoticiasUITests */,
				5AC3186F21BFACDB00DFEBF5 /* Products */,
			);
			sourceTree = "<group>";
		};
		5AC3186F21BFACDB00DFEBF5 /* Products */ = {
			isa = PBXGroup;
			children = (
				5AC3186E21BFACDB00DFEBF5 /* Lector Noticias.app */,
				5AC3188221BFACE100DFEBF5 /* Lector NoticiasTests.xctest */,
				5AC3188D21BFACE100DFEBF5 /* Lector NoticiasUITests.xctest */,
			);
			name = Products;
			sourceTree = "<group>";
		};
		5AC3187021BFACDB00DFEBF5 /* Lector Noticias */ = {
			isa = PBXGroup;
			children = (
				5AC3187121BFACDB00DFEBF5 /* AppDelegate.swift */,
				5AC3187321BFACDB00DFEBF5 /* ViewController.swift */,
				5AC3189F21BFB62A00DFEBF5 /* Tools.swift */,
				5AC318A121BFE89B00DFEBF5 /* Modelo.swift */,
				5AC3187521BFACDB00DFEBF5 /* Main.storyboard */,
				5AC3187821BFACE100DFEBF5 /* Assets.xcassets */,
				5AC3187A21BFACE100DFEBF5 /* LaunchScreen.storyboard */,
				5AC3187D21BFACE100DFEBF5 /* Info.plist */,
			);
			path = "Lector Noticias";
			sourceTree = "<group>";
		};
		5AC3188521BFACE100DFEBF5 /* Lector NoticiasTests */ = {
			isa = PBXGroup;
			children = (
				5AC3188621BFACE100DFEBF5 /* Lector_NoticiasTests.swift */,
				5AC3188821BFACE100DFEBF5 /* Info.plist */,
			);
			path = "Lector NoticiasTests";
			sourceTree = "<group>";
		};
		5AC3189021BFACE100DFEBF5 /* Lector NoticiasUITests */ = {
			isa = PBXGroup;
			children = (
				5AC3189121BFACE100DFEBF5 /* Lector_NoticiasUITests.swift */,
				5AC3189321BFACE100DFEBF5 /* Info.plist */,
			);
			path = "Lector NoticiasUITests";
			sourceTree = "<group>";
		};
/* End PBXGroup section */

/* Begin PBXNativeTarget section */
		5AC3186D21BFACDB00DFEBF5 /* Lector Noticias */ = {
			isa = PBXNativeTarget;
			buildConfigurationList = 5AC3189621BFACE100DFEBF5 /* Build configuration list for PBXNativeTarget "Lector Noticias" */;
			buildPhases = (
				5AC3186A21BFACDB00DFEBF5 /* Sources */,
				5AC3186B21BFACDB00DFEBF5 /* Frameworks */,
				5AC3186C21BFACDB00DFEBF5 /* Resources */,
			);
			buildRules = (
			);
			dependencies = (
			);
			name = "Lector Noticias";
			productName = "Lector Noticias";
			productReference = 5AC3186E21BFACDB00DFEBF5 /* Lector Noticias.app */;
			productType = "com.apple.product-type.application";
		};
		5AC3188121BFACE100DFEBF5 /* Lector NoticiasTests */ = {
			isa = PBXNativeTarget;
			buildConfigurationList = 5AC3189921BFACE100DFEBF5 /* Build configuration list for PBXNativeTarget "Lector NoticiasTests" */;
			buildPhases = (
				5AC3187E21BFACE100DFEBF5 /* Sources */,
				5AC3187F21BFACE100DFEBF5 /* Frameworks */,
				5AC3188021BFACE100DFEBF5 /* Resources */,
			);
			buildRules = (
			);
			dependencies = (
				5AC3188421BFACE100DFEBF5 /* PBXTargetDependency */,
			);
			name = "Lector NoticiasTests";
			productName = "Lector NoticiasTests";
			productReference = 5AC3188221BFACE100DFEBF5 /* Lector NoticiasTests.xctest */;
			productType = "com.apple.product-type.bundle.unit-test";
		};
		5AC3188C21BFACE100DFEBF5 /* Lector NoticiasUITests */ = {
			isa = PBXNativeTarget;
			buildConfigurationList = 5AC3189C21BFACE100DFEBF5 /* Build configuration list for PBXNativeTarget "Lector NoticiasUITests" */;
			buildPhases = (
				5AC3188921BFACE100DFEBF5 /* Sources */,
				5AC3188A21BFACE100DFEBF5 /* Frameworks */,
				5AC3188B21BFACE100DFEBF5 /* Resources */,
			);
			buildRules = (
			);
			dependencies = (
				5AC3188F21BFACE100DFEBF5 /* PBXTargetDependency */,
			);
			name = "Lector NoticiasUITests";
			productName = "Lector NoticiasUITests";
			productReference = 5AC3188D21BFACE100DFEBF5 /* Lector NoticiasUITests.xctest */;
			productType = "com.apple.product-type.bundle.ui-testing";
		};
/* End PBXNativeTarget section */

/* Begin PBXProject section */
		5AC3186621BFACDB00DFEBF5 /* Project object */ = {
			isa = PBXProject;
			attributes = {
				LastSwiftUpdateCheck = 1010;
				LastUpgradeCheck = 1010;
				ORGANIZATIONNAME = Dev1;
				TargetAttributes = {
					5AC3186D21BFACDB00DFEBF5 = {
						CreatedOnToolsVersion = 10.1;
					};
					5AC3188121BFACE100DFEBF5 = {
						CreatedOnToolsVersion = 10.1;
						TestTargetID = 5AC3186D21BFACDB00DFEBF5;
					};
					5AC3188C21BFACE100DFEBF5 = {
						CreatedOnToolsVersion = 10.1;
						TestTargetID = 5AC3186D21BFACDB00DFEBF5;
					};
				};
			};
			buildConfigurationList = 5AC3186921BFACDB00DFEBF5 /* Build configuration list for PBXProject "Lector Noticias" */;
			compatibilityVersion = "Xcode 9.3";
			developmentRegion = en;
			hasScannedForEncodings = 0;
			knownRegions = (
				en,
				Base,
			);
			mainGroup = 5AC3186521BFACDB00DFEBF5;
			productRefGroup = 5AC3186F21BFACDB00DFEBF5 /* Products */;
			projectDirPath = "";
			projectRoot = "";
			targets = (
				5AC3186D21BFACDB00DFEBF5 /* Lector Noticias */,
				5AC3188121BFACE100DFEBF5 /* Lector NoticiasTests */,
				5AC3188C21BFACE100DFEBF5 /* Lector NoticiasUITests */,
			);
		};
/* End PBXProject section */

/* Begin PBXResourcesBuildPhase section */
		5AC3186C21BFACDB00DFEBF5 /* Resources */ = {
			isa = PBXResourcesBuildPhase;
			buildActionMask = 2147483647;
			files = (
				5AC3187C21BFACE100DFEBF5 /* LaunchScreen.storyboard in Resources */,
				5AC3187921BFACE100DFEBF5 /* Assets.xcassets in Resources */,
				5AC3187721BFACDB00DFEBF5 /* Main.storyboard in Resources */,
			);
			runOnlyForDeploymentPostprocessing = 0;
		};
		5AC3188021BFACE100DFEBF5 /* Resources */ = {
			isa = PBXResourcesBuildPhase;
			buildActionMask = 2147483647;
			files = (
			);
			runOnlyForDeploymentPostprocessing = 0;
		};
		5AC3188B21BFACE100DFEBF5 /* Resources */ = {
			isa = PBXResourcesBuildPhase;
			buildActionMask = 2147483647;
			files = (
			);
			runOnlyForDeploymentPostprocessing = 0;
		};
/* End PBXResourcesBuildPhase section */

/* Begin PBXSourcesBuildPhase section */
		5AC3186A21BFACDB00DFEBF5 /* Sources */ = {
			isa = PBXSourcesBuildPhase;
			buildActionMask = 2147483647;
			files = (
				5AC318A021BFB62A00DFEBF5 /* Tools.swift in Sources */,
				5AC3187421BFACDB00DFEBF5 /* ViewController.swift in Sources */,
				5AC3187221BFACDB00DFEBF5 /* AppDelegate.swift in Sources */,
				5AC318A221BFE89B00DFEBF5 /* Modelo.swift in Sources */,
			);
			runOnlyForDeploymentPostprocessing = 0;
		};
		5AC3187E21BFACE100DFEBF5 /* Sources */ = {
			isa = PBXSourcesBuildPhase;
			buildActionMask = 2147483647;
			files = (
				5AC3188721BFACE100DFEBF5 /* Lector_NoticiasTests.swift in Sources */,
			);
			runOnlyForDeploymentPostprocessing = 0;
		};
		5AC3188921BFACE100DFEBF5 /* Sources */ = {
			isa = PBXSourcesBuildPhase;
			buildActionMask = 2147483647;
			files = (
				5AC3189221BFACE100DFEBF5 /* Lector_NoticiasUITests.swift in Sources */,
			);
			runOnlyForDeploymentPostprocessing = 0;
		};
/* End PBXSourcesBuildPhase section */

/* Begin PBXTargetDependency section */
		5AC3188421BFACE100DFEBF5 /* PBXTargetDependency */ = {
			isa = PBXTargetDependency;
			target = 5AC3186D21BFACDB00DFEBF5 /* Lector Noticias */;
			targetProxy = 5AC3188321BFACE100DFEBF5 /* PBXContainerItemProxy */;
		};
		5AC3188F21BFACE100DFEBF5 /* PBXTargetDependency */ = {
			isa = PBXTargetDependency;
			target = 5AC3186D21BFACDB00DFEBF5 /* Lector Noticias */;
			targetProxy = 5AC3188E21BFACE100DFEBF5 /* PBXContainerItemProxy */;
		};
/* End PBXTargetDependency section */

/* Begin PBXVariantGroup section */
		5AC3187521BFACDB00DFEBF5 /* Main.storyboard */ = {
			isa = PBXVariantGroup;
			children = (
				5AC3187621BFACDB00DFEBF5 /* Base */,
			);
			name = Main.storyboard;
			sourceTree = "<group>";
		};
		5AC3187A21BFACE100DFEBF5 /* LaunchScreen.storyboard */ = {
			isa = PBXVariantGroup;
			children = (
				5AC3187B21BFACE100DFEBF5 /* Base */,
			);
			name = LaunchScreen.storyboard;
			sourceTree = "<group>";
		};
/* End PBXVariantGroup section */

/* Begin XCBuildConfiguration section */
		5AC3189421BFACE100DFEBF5 /* Debug */ = {
			isa = XCBuildConfiguration;
			buildSettings = {
				ALWAYS_SEARCH_USER_PATHS = NO;
				CLANG_ANALYZER_NONNULL = YES;
				CLANG_ANALYZER_NUMBER_OBJECT_CONVERSION = YES_AGGRESSIVE;
				CLANG_CXX_LANGUAGE_STANDARD = "gnu++14";
				CLANG_CXX_LIBRARY = "libc++";
				CLANG_ENABLE_MODULES = YES;
				CLANG_ENABLE_OBJC_ARC = YES;
				CLANG_ENABLE_OBJC_WEAK = YES;
				CLANG_WARN_BLOCK_CAPTURE_AUTORELEASING = YES;
				CLANG_WARN_BOOL_CONVERSION = YES;
				CLANG_WARN_COMMA = YES;
				CLANG_WARN_CONSTANT_CONVERSION = YES;
				CLANG_WARN_DEPRECATED_OBJC_IMPLEMENTATIONS = YES;
				CLANG_WARN_DIRECT_OBJC_ISA_USAGE = YES_ERROR;
				CLANG_WARN_DOCUMENTATION_COMMENTS = YES;
				CLANG_WARN_EMPTY_BODY = YES;
				CLANG_WARN_ENUM_CONVERSION = YES;
				CLANG_WARN_INFINITE_RECURSION = YES;
				CLANG_WARN_INT_CONVERSION = YES;
				CLANG_WARN_NON_LITERAL_NULL_CONVERSION = YES;
				CLANG_WARN_OBJC_IMPLICIT_RETAIN_SELF = YES;
				CLANG_WARN_OBJC_LITERAL_CONVERSION = YES;
				CLANG_WARN_OBJC_ROOT_CLASS = YES_ERROR;
				CLANG_WARN_RANGE_LOOP_ANALYSIS = YES;
				CLANG_WARN_STRICT_PROTOTYPES = YES;
				CLANG_WARN_SUSPICIOUS_MOVE = YES;
				CLANG_WARN_UNGUARDED_AVAILABILITY = YES_AGGRESSIVE;
				CLANG_WARN_UNREACHABLE_CODE = YES;
				CLANG_WARN__DUPLICATE_METHOD_MATCH = YES;
				CODE_SIGN_IDENTITY = "iPhone Developer";
				COPY_PHASE_STRIP = NO;
				DEBUG_INFORMATION_FORMAT = dwarf;
				ENABLE_STRICT_OBJC_MSGSEND = YES;
				ENABLE_TESTABILITY = YES;
				GCC_C_LANGUAGE_STANDARD = gnu11;
				GCC_DYNAMIC_NO_PIC = NO;
				GCC_NO_COMMON_BLOCKS = YES;
				GCC_OPTIMIZATION_LEVEL = 0;
				GCC_PREPROCESSOR_DEFINITIONS = (
					"DEBUG=1",
					"$(inherited)",
				);
				GCC_WARN_64_TO_32_BIT_CONVERSION = YES;
				GCC_WARN_ABOUT_RETURN_TYPE = YES_ERROR;
				GCC_WARN_UNDECLARED_SELECTOR = YES;
				GCC_WARN_UNINITIALIZED_AUTOS = YES_AGGRESSIVE;
				GCC_WARN_UNUSED_FUNCTION = YES;
				GCC_WARN_UNUSED_VARIABLE = YES;
				IPHONEOS_DEPLOYMENT_TARGET = 12.1;
				MTL_ENABLE_DEBUG_INFO = INCLUDE_SOURCE;
				MTL_FAST_MATH = YES;
				ONLY_ACTIVE_ARCH = YES;
				SDKROOT = iphoneos;
				SWIFT_ACTIVE_COMPILATION_CONDITIONS = DEBUG;
				SWIFT_OPTIMIZATION_LEVEL = "-Onone";
			};
			name = Debug;
		};
		5AC3189521BFACE100DFEBF5 /* Release */ = {
			isa = XCBuildConfiguration;
			buildSettings = {
				ALWAYS_SEARCH_USER_PATHS = NO;
				CLANG_ANALYZER_NONNULL = YES;
				CLANG_ANALYZER_NUMBER_OBJECT_CONVERSION = YES_AGGRESSIVE;
				CLANG_CXX_LANGUAGE_STANDARD = "gnu++14";
				CLANG_CXX_LIBRARY = "libc++";
				CLANG_ENABLE_MODULES = YES;
				CLANG_ENABLE_OBJC_ARC = YES;
				CLANG_ENABLE_OBJC_WEAK = YES;
				CLANG_WARN_BLOCK_CAPTURE_AUTORELEASING = YES;
				CLANG_WARN_BOOL_CONVERSION = YES;
				CLANG_WARN_COMMA = YES;
				CLANG_WARN_CONSTANT_CONVERSION = YES;
				CLANG_WARN_DEPRECATED_OBJC_IMPLEMENTATIONS = YES;
				CLANG_WARN_DIRECT_OBJC_ISA_USAGE = YES_ERROR;
				CLANG_WARN_DOCUMENTATION_COMMENTS = YES;
				CLANG_WARN_EMPTY_BODY = YES;
				CLANG_WARN_ENUM_CONVERSION = YES;
				CLANG_WARN_INFINITE_RECURSION = YES;
				CLANG_WARN_INT_CONVERSION = YES;
				CLANG_WARN_NON_LITERAL_NULL_CONVERSION = YES;
				CLANG_WARN_OBJC_IMPLICIT_RETAIN_SELF = YES;
				CLANG_WARN_OBJC_LITERAL_CONVERSION = YES;
				CLANG_WARN_OBJC_ROOT_CLASS = YES_ERROR;
				CLANG_WARN_RANGE_LOOP_ANALYSIS = YES;
				CLANG_WARN_STRICT_PROTOTYPES = YES;
				CLANG_WARN_SUSPICIOUS_MOVE = YES;
				CLANG_WARN_UNGUARDED_AVAILABILITY = YES_AGGRESSIVE;
				CLANG_WARN_UNREACHABLE_CODE = YES;
				CLANG_WARN__DUPLICATE_METHOD_MATCH = YES;
				CODE_SIGN_IDENTITY = "iPhone Developer";
				COPY_PHASE_STRIP = NO;
				DEBUG_INFORMATION_FORMAT = "dwarf-with-dsym";
				ENABLE_NS_ASSERTIONS = NO;
				ENABLE_STRICT_OBJC_MSGSEND = YES;
				GCC_C_LANGUAGE_STANDARD = gnu11;
				GCC_NO_COMMON_BLOCKS = YES;
				GCC_WARN_64_TO_32_BIT_CONVERSION = YES;
				GCC_WARN_ABOUT_RETURN_TYPE = YES_ERROR;
				GCC_WARN_UNDECLARED_SELECTOR = YES;
				GCC_WARN_UNINITIALIZED_AUTOS = YES_AGGRESSIVE;
				GCC_WARN_UNUSED_FUNCTION = YES;
				GCC_WARN_UNUSED_VARIABLE = YES;
				IPHONEOS_DEPLOYMENT_TARGET = 12.1;
				MTL_ENABLE_DEBUG_INFO = NO;
				MTL_FAST_MATH = YES;
				SDKROOT = iphoneos;
				SWIFT_COMPILATION_MODE = wholemodule;
				SWIFT_OPTIMIZATION_LEVEL = "-O";
				VALIDATE_PRODUCT = YES;
			};
			name = Release;
		};
		5AC3189721BFACE100DFEBF5 /* Debug */ = {
			isa = XCBuildConfiguration;
			buildSettings = {
				ASSETCATALOG_COMPILER_APPICON_NAME = AppIcon;
				CODE_SIGN_STYLE = Automatic;
				DEVELOPMENT_TEAM = TA9R85XHNN;
				INFOPLIST_FILE = "Lector Noticias/Info.plist";
				LD_RUNPATH_SEARCH_PATHS = (
					"$(inherited)",
					"@executable_path/Frameworks",
				);
				PRODUCT_BUNDLE_IDENTIFIER = "Dev1.Lector-Noticias";
				PRODUCT_NAME = "$(TARGET_NAME)";
				SWIFT_VERSION = 4.2;
				TARGETED_DEVICE_FAMILY = "1,2";
			};
			name = Debug;
		};
		5AC3189821BFACE100DFEBF5 /* Release */ = {
			isa = XCBuildConfiguration;
			buildSettings = {
				ASSETCATALOG_COMPILER_APPICON_NAME = AppIcon;
				CODE_SIGN_STYLE = Automatic;
				DEVELOPMENT_TEAM = TA9R85XHNN;
				INFOPLIST_FILE = "Lector Noticias/Info.plist";
				LD_RUNPATH_SEARCH_PATHS = (
					"$(inherited)",
					"@executable_path/Frameworks",
				);
				PRODUCT_BUNDLE_IDENTIFIER = "Dev1.Lector-Noticias";
				PRODUCT_NAME = "$(TARGET_NAME)";
				SWIFT_VERSION = 4.2;
				TARGETED_DEVICE_FAMILY = "1,2";
			};
			name = Release;
		};
		5AC3189A21BFACE100DFEBF5 /* Debug */ = {
			isa = XCBuildConfiguration;
			buildSettings = {
				ALWAYS_EMBED_SWIFT_STANDARD_LIBRARIES = YES;
				BUNDLE_LOADER = "$(TEST_HOST)";
				CODE_SIGN_STYLE = Automatic;
				DEVELOPMENT_TEAM = TA9R85XHNN;
				INFOPLIST_FILE = "Lector NoticiasTests/Info.plist";
				LD_RUNPATH_SEARCH_PATHS = (
					"$(inherited)",
					"@executable_path/Frameworks",
					"@loader_path/Frameworks",
				);
				PRODUCT_BUNDLE_IDENTIFIER = "Dev1.Lector-NoticiasTests";
				PRODUCT_NAME = "$(TARGET_NAME)";
				SWIFT_VERSION = 4.2;
				TARGETED_DEVICE_FAMILY = "1,2";
				TEST_HOST = "$(BUILT_PRODUCTS_DIR)/Lector Noticias.app/Lector Noticias";
			};
			name = Debug;
		};
		5AC3189B21BFACE100DFEBF5 /* Release */ = {
			isa = XCBuildConfiguration;
			buildSettings = {
				ALWAYS_EMBED_SWIFT_STANDARD_LIBRARIES = YES;
				BUNDLE_LOADER = "$(TEST_HOST)";
				CODE_SIGN_STYLE = Automatic;
				DEVELOPMENT_TEAM = TA9R85XHNN;
				INFOPLIST_FILE = "Lector NoticiasTests/Info.plist";
				LD_RUNPATH_SEARCH_PATHS = (
					"$(inherited)",
					"@executable_path/Frameworks",
					"@loader_path/Frameworks",
				);
				PRODUCT_BUNDLE_IDENTIFIER = "Dev1.Lector-NoticiasTests";
				PRODUCT_NAME = "$(TARGET_NAME)";
				SWIFT_VERSION = 4.2;
				TARGETED_DEVICE_FAMILY = "1,2";
				TEST_HOST = "$(BUILT_PRODUCTS_DIR)/Lector Noticias.app/Lector Noticias";
			};
			name = Release;
		};
		5AC3189D21BFACE100DFEBF5 /* Debug */ = {
			isa = XCBuildConfiguration;
			buildSettings = {
				ALWAYS_EMBED_SWIFT_STANDARD_LIBRARIES = YES;
				CODE_SIGN_STYLE = Automatic;
				DEVELOPMENT_TEAM = TA9R85XHNN;
				INFOPLIST_FILE = "Lector NoticiasUITests/Info.plist";
				LD_RUNPATH_SEARCH_PATHS = (
					"$(inherited)",
					"@executable_path/Frameworks",
					"@loader_path/Frameworks",
				);
				PRODUCT_BUNDLE_IDENTIFIER = "Dev1.Lector-NoticiasUITests";
				PRODUCT_NAME = "$(TARGET_NAME)";
				SWIFT_VERSION = 4.2;
				TARGETED_DEVICE_FAMILY = "1,2";
				TEST_TARGET_NAME = "Lector Noticias";
			};
			name = Debug;
		};
		5AC3189E21BFACE100DFEBF5 /* Release */ = {
			isa = XCBuildConfiguration;
			buildSettings = {
				ALWAYS_EMBED_SWIFT_STANDARD_LIBRARIES = YES;
				CODE_SIGN_STYLE = Automatic;
				DEVELOPMENT_TEAM = TA9R85XHNN;
				INFOPLIST_FILE = "Lector NoticiasUITests/Info.plist";
				LD_RUNPATH_SEARCH_PATHS = (
					"$(inherited)",
					"@executable_path/Frameworks",
					"@loader_path/Frameworks",
				);
				PRODUCT_BUNDLE_IDENTIFIER = "Dev1.Lector-NoticiasUITests";
				PRODUCT_NAME = "$(TARGET_NAME)";
				SWIFT_VERSION = 4.2;
				TARGETED_DEVICE_FAMILY = "1,2";
				TEST_TARGET_NAME = "Lector Noticias";
			};
			name = Release;
		};
/* End XCBuildConfiguration section */

/* Begin XCConfigurationList section */
		5AC3186921BFACDB00DFEBF5 /* Build configuration list for PBXProject "Lector Noticias" */ = {
			isa = XCConfigurationList;
			buildConfigurations = (
				5AC3189421BFACE100DFEBF5 /* Debug */,
				5AC3189521BFACE100DFEBF5 /* Release */,
			);
			defaultConfigurationIsVisible = 0;
			defaultConfigurationName = Release;
		};
		5AC3189621BFACE100DFEBF5 /* Build configuration list for PBXNativeTarget "Lector Noticias" */ = {
			isa = XCConfigurationList;
			buildConfigurations = (
				5AC3189721BFACE100DFEBF5 /* Debug */,
				5AC3189821BFACE100DFEBF5 /* Release */,
			);
			defaultConfigurationIsVisible = 0;
			defaultConfigurationName = Release;
		};
		5AC3189921BFACE100DFEBF5 /* Build configuration list for PBXNativeTarget "Lector NoticiasTests" */ = {
			isa = XCConfigurationList;
			buildConfigurations = (
				5AC3189A21BFACE100DFEBF5 /* Debug */,
				5AC3189B21BFACE100DFEBF5 /* Release */,
			);
			defaultConfigurationIsVisible = 0;
			defaultConfigurationName = Release;
		};
		5AC3189C21BFACE100DFEBF5 /* Build configuration list for PBXNativeTarget "Lector NoticiasUITests" */ = {
			isa = XCConfigurationList;
			buildConfigurations = (
				5AC3189D21BFACE100DFEBF5 /* Debug */,
				5AC3189E21BFACE100DFEBF5 /* Release */,
			);
			defaultConfigurationIsVisible = 0;
			defaultConfigurationName = Release;
		};
/* End XCConfigurationList section */
	};
	rootObject = 5AC3186621BFACDB00DFEBF5 /* Project object */;
}
